
Microsoft Visual Studio Solution File, Format Version 12.00
# Visual Studio Version 17
VisualStudioVersion = 17.10.35013.160
MinimumVisualStudioVersion = 10.0.40219.1
Project("{9A19103F-16F7-4668-BE54-9A1E7A4F7556}") = "AITravelAgent", "AITravelAgent.csproj", "{793E7570-4904-40F0-B04A-4D7377729AEC}"
EndProject
Global
	GlobalSection(SolutionConfigurationPlatforms) = preSolution
		Debug|Any CPU = Debug|Any CPU
		Release|Any CPU = Release|Any CPU
	EndGlobalSection
	GlobalSection(ProjectConfigurationPlatforms) = postSolution
		{793E7570-4904-40F0-B04A-4D7377729AEC}.Debug|Any CPU.ActiveCfg = Debug|Any CPU
		{793E7570-4904-40F0-B04A-4D7377729AEC}.Debug|Any CPU.Build.0 = Debug|Any CPU
		{793E7570-4904-40F0-B04A-4D7377729AEC}.Release|Any CPU.ActiveCfg = Release|Any CPU
		{793E7570-4904-40F0-B04A-4D7377729AEC}.Release|Any CPU.Build.0 = Release|Any CPU
	EndGlobalSection
	GlobalSection(SolutionProperties) = preSolution
		HideSolutionNode = FALSE
	EndGlobalSection
	GlobalSection(ExtensibilityGlobals) = postSolution
		SolutionGuid = {3056858D-DE70-47FF-8022-0571198D5976}
	EndGlobalSection
EndGlobal
